{
  "name": "gd-dttt",
  "version": "0.1.0",
  "lockfileVersion": 3,
  "requires": true,
  "packages": {
    "": {
      "name": "gd-dttt",
      "version": "0.1.0",
      "license": "MIT",
      "dependencies": {
        "glpk.js": "^5.0.0"
      },
      "engines": {
        "node": ">=20"
      }
    },
    "node_modules/glpk.js": {
      "version": "5.0.0",
      "resolved": "https://registry.npmjs.org/glpk.js/-/glpk.js-5.0.0.tgz",
      "integrity": "sha512-ni6nVv/EZVLs4dbN13Vy/H9pDTCjhB9oTlJ7tYi3e7zT6GCunUZJ0DuwCaJhmNc25sQUm6Ra18VaaMY8/fMWWw==",
      "license": "GPL-3.0",
      "dependencies": {
        "pako": "^2.1.0"
      },
      "engines": {
        "node": ">=20"
      }
    },
    "node_modules/pako": {
      "version": "2.2.0",
      "resolved": "https://registry.npmjs.org/pako/-/pako-2.2.0.tgz",
      "integrity": "sha512-zJq6RP/5q+TO2OpFV3FHzlPnFjmkb7Nc99a5SNjJE+uu/PkpChs+NIZSSzbBoD+6kjiISXjfYdwj1ZRQ81dz/w==",
      "funding": [
        {
          "type": "github",
          "url": "https://github.com/sponsors/puzrin"
        },
        {
          "type": "github",
          "url": "https://github.com/sponsors/nodeca"
        }
      ],
      "license": "(MIT AND Zlib)"
    }
  }
}
